
Microsoft Visual Studio Solution File, Format Version 12.00
# Visual Studio Version 16
VisualStudioVersion = 16.0.31321.278
MinimumVisualStudioVersion = 10.0.40219.1
Project("{FAE04EC0-301F-11D3-BF4B-00C04F79EFBC}") = "ConsoleApp1", "ConsoleApp1\ConsoleApp1.csproj", "{E51B8471-A814-4E4D-9AB6-768DDAFFF64A}"
EndProject
Project("{FAE04EC0-301F-11D3-BF4B-00C04F79EFBC}") = "tests", "tests\tests.csproj", "{65BAA40A-331E-484B-B495-A674019F7DD7}"
EndProject
Global
	GlobalSection(SolutionConfigurationPlatforms) = preSolution
		Debug|Any CPU = Debug|Any CPU
		Release|Any CPU = Release|Any CPU
	EndGlobalSection
	GlobalSection(ProjectConfigurationPlatforms) = postSolution
		{E51B8471-A814-4E4D-9AB6-768DDAFFF64A}.Debug|Any CPU.ActiveCfg = Debug|Any CPU
		{E51B8471-A814-4E4D-9AB6-768DDAFFF64A}.Debug|Any CPU.Build.0 = Debug|Any CPU
		{E51B8471-A814-4E4D-9AB6-768DDAFFF64A}.Release|Any CPU.ActiveCfg = Release|Any CPU
		{E51B8471-A814-4E4D-9AB6-768DDAFFF64A}.Release|Any CPU.Build.0 = Release|Any CPU
		{65BAA40A-331E-484B-B495-A674019F7DD7}.Debug|Any CPU.ActiveCfg = Debug|Any CPU
		{65BAA40A-331E-484B-B495-A674019F7DD7}.Debug|Any CPU.Build.0 = Debug|Any CPU
		{65BAA40A-331E-484B-B495-A674019F7DD7}.Release|Any CPU.ActiveCfg = Release|Any CPU
		{65BAA40A-331E-484B-B495-A674019F7DD7}.Release|Any CPU.Build.0 = Release|Any CPU
	EndGlobalSection
	GlobalSection(SolutionProperties) = preSolution
		HideSolutionNode = FALSE
	EndGlobalSection
	GlobalSection(ExtensibilityGlobals) = postSolution
		SolutionGuid = {A731E589-F26D-49BA-BE3E-C8335DB97D5D}
	EndGlobalSection
EndGlobal
